
Microsoft Visual Studio Solution File, Format Version 12.00
# Visual Studio Version 16
VisualStudioVersion = 16.0.29503.13
MinimumVisualStudioVersion = 10.0.40219.1
Project("{FAE04EC0-301F-11D3-BF4B-00C04F79EFBC}") = "ConsoleApp1", "ConsoleApp1\ConsoleApp1.csproj", "{F8301CEF-F905-4AF1-BFB0-9490AD6CFCBA}"
EndProject
Global
	GlobalSection(SolutionConfigurationPlatforms) = preSolution
		Debug|Any CPU = Debug|Any CPU
		Release|Any CPU = Release|Any CPU
	EndGlobalSection
	GlobalSection(ProjectConfigurationPlatforms) = postSolution
		{F8301CEF-F905-4AF1-BFB0-9490AD6CFCBA}.Debug|Any CPU.ActiveCfg = Debug|Any CPU
		{F8301CEF-F905-4AF1-BFB0-9490AD6CFCBA}.Debug|Any CPU.Build.0 = Debug|Any CPU
		{F8301CEF-F905-4AF1-BFB0-9490AD6CFCBA}.Release|Any CPU.ActiveCfg = Release|Any CPU
		{F8301CEF-F905-4AF1-BFB0-9490AD6CFCBA}.Release|Any CPU.Build.0 = Release|Any CPU
	EndGlobalSection
	GlobalSection(SolutionProperties) = preSolution
		HideSolutionNode = FALSE
	EndGlobalSection
	GlobalSection(ExtensibilityGlobals) = postSolution
		SolutionGuid = {F2137315-50EC-4872-8481-7F3A49F4B3F3}
	EndGlobalSection
EndGlobal
